
Microsoft Visual Studio Solution File, Format Version 12.00
# Visual Studio 15
Project("{FAE04EC0-301F-11D3-BF4B-00C04F79EFBC}") = "hello_world", "hello_world.csproj", "{464F2BA1-2233-4CDE-9173-0B4EAF681EA2}"
EndProject
Global
	GlobalSection(SolutionConfigurationPlatforms) = preSolution
		Debug|Any CPU = Debug|Any CPU
		Release|Any CPU = Release|Any CPU
	EndGlobalSection
	GlobalSection(ProjectConfigurationPlatforms) = postSolution
		{464F2BA1-2233-4CDE-9173-0B4EAF681EA2}.Debug|Any CPU.ActiveCfg = Debug|Any CPU
		{464F2BA1-2233-4CDE-9173-0B4EAF681EA2}.Debug|Any CPU.Build.0 = Debug|Any CPU
		{464F2BA1-2233-4CDE-9173-0B4EAF681EA2}.Release|Any CPU.ActiveCfg = Release|Any CPU
		{464F2BA1-2233-4CDE-9173-0B4EAF681EA2}.Release|Any CPU.Build.0 = Release|Any CPU
	EndGlobalSection
EndGlobal
